
Microsoft Visual Studio Solution File, Format Version 12.00
# Visual Studio 14
VisualStudioVersion = 14.0.25420.1
MinimumVisualStudioVersion = 10.0.40219.1
Project("{FAE04EC0-301F-11D3-BF4B-00C04F79EFBC}") = "Server", "Server\Server.csproj", "{1CD588B1-5458-4E94-84BE-292ACA25972C}"
EndProject
Project("{FAE04EC0-301F-11D3-BF4B-00C04F79EFBC}") = "ServerConsole", "ServerConsole\ServerConsole.csproj", "{02ED83C2-E199-4440-8EC9-8CB041395C83}"
EndProject
Project("{FAE04EC0-301F-11D3-BF4B-00C04F79EFBC}") = "ServerTests", "ServerTests\ServerTests.csproj", "{633B2846-CCD4-48ED-8FA0-AD535F6DFD2A}"
EndProject
Project("{FAE04EC0-301F-11D3-BF4B-00C04F79EFBC}") = "Common", "Common\Common.csproj", "{9BBFC02C-89F0-4387-8FF1-EAC1B06B662C}"
EndProject
Project("{FAE04EC0-301F-11D3-BF4B-00C04F79EFBC}") = "CommonTests", "CommonTests\CommonTests.csproj", "{C85F06B0-E62E-42CF-BA70-A31797386DD5}"
EndProject
Project("{FAE04EC0-301F-11D3-BF4B-00C04F79EFBC}") = "GameMaster", "GameMaster\GameMaster.csproj", "{A7A00589-8A4E-4F56-BF4A-59EFE0CB6393}"
EndProject
Project("{FAE04EC0-301F-11D3-BF4B-00C04F79EFBC}") = "Player", "Player\Player.csproj", "{C740B77F-5ABB-4066-81BB-D94BF4014EB3}"
EndProject
Project("{FAE04EC0-301F-11D3-BF4B-00C04F79EFBC}") = "Sandbox", "Sandbox\Sandbox.csproj", "{37E0A13D-0B1F-417C-A2D2-5355C25FF4F0}"
EndProject
Project("{FAE04EC0-301F-11D3-BF4B-00C04F79EFBC}") = "PlayerTests", "PlayerTests\PlayerTests.csproj", "{70A020AF-9A94-4833-8B05-DD8C9148BFA3}"
EndProject
Global
	GlobalSection(SolutionConfigurationPlatforms) = preSolution
		Debug|Any CPU = Debug|Any CPU
		Release|Any CPU = Release|Any CPU
	EndGlobalSection
	GlobalSection(ProjectConfigurationPlatforms) = postSolution
		{1CD588B1-5458-4E94-84BE-292ACA25972C}.Debug|Any CPU.ActiveCfg = Debug|Any CPU
		{1CD588B1-5458-4E94-84BE-292ACA25972C}.Debug|Any CPU.Build.0 = Debug|Any CPU
		{1CD588B1-5458-4E94-84BE-292ACA25972C}.Release|Any CPU.ActiveCfg = Release|Any CPU
		{1CD588B1-5458-4E94-84BE-292ACA25972C}.Release|Any CPU.Build.0 = Release|Any CPU
		{02ED83C2-E199-4440-8EC9-8CB041395C83}.Debug|Any CPU.ActiveCfg = Debug|Any CPU
		{02ED83C2-E199-4440-8EC9-8CB041395C83}.Debug|Any CPU.Build.0 = Debug|Any CPU
		{02ED83C2-E199-4440-8EC9-8CB041395C83}.Release|Any CPU.ActiveCfg = Release|Any CPU
		{02ED83C2-E199-4440-8EC9-8CB041395C83}.Release|Any CPU.Build.0 = Release|Any CPU
		{633B2846-CCD4-48ED-8FA0-AD535F6DFD2A}.Debug|Any CPU.ActiveCfg = Debug|Any CPU
		{633B2846-CCD4-48ED-8FA0-AD535F6DFD2A}.Debug|Any CPU.Build.0 = Debug|Any CPU
		{633B2846-CCD4-48ED-8FA0-AD535F6DFD2A}.Release|Any CPU.ActiveCfg = Release|Any CPU
		{633B2846-CCD4-48ED-8FA0-AD535F6DFD2A}.Release|Any CPU.Build.0 = Release|Any CPU
		{9BBFC02C-89F0-4387-8FF1-EAC1B06B662C}.Debug|Any CPU.ActiveCfg = Debug|Any CPU
		{9BBFC02C-89F0-4387-8FF1-EAC1B06B662C}.Debug|Any CPU.Build.0 = Debug|Any CPU
		{9BBFC02C-89F0-4387-8FF1-EAC1B06B662C}.Release|Any CPU.ActiveCfg = Release|Any CPU
		{9BBFC02C-89F0-4387-8FF1-EAC1B06B662C}.Release|Any CPU.Build.0 = Release|Any CPU
		{C85F06B0-E62E-42CF-BA70-A31797386DD5}.Debug|Any CPU.ActiveCfg = Debug|Any CPU
		{C85F06B0-E62E-42CF-BA70-A31797386DD5}.Debug|Any CPU.Build.0 = Debug|Any CPU
		{C85F06B0-E62E-42CF-BA70-A31797386DD5}.Release|Any CPU.ActiveCfg = Release|Any CPU
		{C85F06B0-E62E-42CF-BA70-A31797386DD5}.Release|Any CPU.Build.0 = Release|Any CPU
		{A7A00589-8A4E-4F56-BF4A-59EFE0CB6393}.Debug|Any CPU.ActiveCfg = Debug|Any CPU
		{A7A00589-8A4E-4F56-BF4A-59EFE0CB6393}.Debug|Any CPU.Build.0 = Debug|Any CPU
		{A7A00589-8A4E-4F56-BF4A-59EFE0CB6393}.Release|Any CPU.ActiveCfg = Release|Any CPU
		{A7A00589-8A4E-4F56-BF4A-59EFE0CB6393}.Release|Any CPU.Build.0 = Release|Any CPU
		{C740B77F-5ABB-4066-81BB-D94BF4014EB3}.Debug|Any CPU.ActiveCfg = Debug|Any CPU
		{C740B77F-5ABB-4066-81BB-D94BF4014EB3}.Debug|Any CPU.Build.0 = Debug|Any CPU
		{C740B77F-5ABB-4066-81BB-D94BF4014EB3}.Release|Any CPU.ActiveCfg = Release|Any CPU
		{C740B77F-5ABB-4066-81BB-D94BF4014EB3}.Release|Any CPU.Build.0 = Release|Any CPU
		{37E0A13D-0B1F-417C-A2D2-5355C25FF4F0}.Debug|Any CPU.ActiveCfg = Debug|Any CPU
		{37E0A13D-0B1F-417C-A2D2-5355C25FF4F0}.Debug|Any CPU.Build.0 = Debug|Any CPU
		{37E0A13D-0B1F-417C-A2D2-5355C25FF4F0}.Release|Any CPU.ActiveCfg = Release|Any CPU
		{37E0A13D-0B1F-417C-A2D2-5355C25FF4F0}.Release|Any CPU.Build.0 = Release|Any CPU
		{70A020AF-9A94-4833-8B05-DD8C9148BFA3}.Debug|Any CPU.ActiveCfg = Debug|Any CPU
		{70A020AF-9A94-4833-8B05-DD8C9148BFA3}.Debug|Any CPU.Build.0 = Debug|Any CPU
		{70A020AF-9A94-4833-8B05-DD8C9148BFA3}.Release|Any CPU.ActiveCfg = Release|Any CPU
		{70A020AF-9A94-4833-8B05-DD8C9148BFA3}.Release|Any CPU.Build.0 = Release|Any CPU
	EndGlobalSection
	GlobalSection(SolutionProperties) = preSolution
		HideSolutionNode = FALSE
	EndGlobalSection
EndGlobal
